
Microsoft Visual Studio Solution File, Format Version 12.00
# Visual Studio Version 17
VisualStudioVersion = 17.5.002.0
MinimumVisualStudioVersion = 10.0.40219.1
Project("{9A19103F-16F7-4668-BE54-9A1E7A4F7556}") = "practice", "practice\practice.csproj", "{6449EDF4-E195-44A9-963F-68D1457C0ABF}"
EndProject
Global
	GlobalSection(SolutionConfigurationPlatforms) = preSolution
		Debug|Any CPU = Debug|Any CPU
		Release|Any CPU = Release|Any CPU
	EndGlobalSection
	GlobalSection(ProjectConfigurationPlatforms) = postSolution
		{6449EDF4-E195-44A9-963F-68D1457C0ABF}.Debug|Any CPU.ActiveCfg = Debug|Any CPU
		{6449EDF4-E195-44A9-963F-68D1457C0ABF}.Debug|Any CPU.Build.0 = Debug|Any CPU
		{6449EDF4-E195-44A9-963F-68D1457C0ABF}.Release|Any CPU.ActiveCfg = Release|Any CPU
		{6449EDF4-E195-44A9-963F-68D1457C0ABF}.Release|Any CPU.Build.0 = Release|Any CPU
	EndGlobalSection
	GlobalSection(SolutionProperties) = preSolution
		HideSolutionNode = FALSE
	EndGlobalSection
	GlobalSection(ExtensibilityGlobals) = postSolution
		SolutionGuid = {A8FC418D-4F23-45A4-A7B4-57C2B9607D29}
	EndGlobalSection
EndGlobal
